// !$*UTF8*$!
{
	archiveVersion = 1;
	classes = {
	};
	objectVersion = 46;
	objects = {

/* Begin PBXBuildFile section */
		81C5A4251EA28F6A00836645 /* AppDelegate.swift in Sources */ = {isa = PBXBuildFile; fileRef = 81C5A4241EA28F6A00836645 /* AppDelegate.swift */; };
		81C5A4271EA28F6A00836645 /* ViewController.swift in Sources */ = {isa = PBXBuildFile; fileRef = 81C5A4261EA28F6A00836645 /* ViewController.swift */; };
		81C5A42A1EA28F6A00836645 /* Main.storyboard in Resources */ = {isa = PBXBuildFile; fileRef = 81C5A4281EA28F6A00836645 /* Main.storyboard */; };
		81C5A42C1EA28F6A00836645 /* Assets.xcassets in Resources */ = {isa = PBXBuildFile; fileRef = 81C5A42B1EA28F6A00836645 /* Assets.xcassets */; };
		81C5A42F1EA28F6A00836645 /* LaunchScreen.storyboard in Resources */ = {isa = PBXBuildFile; fileRef = 81C5A42D1EA28F6A00836645 /* LaunchScreen.storyboard */; };
		81C5A43A1EA28F6A00836645 /* FacePlantTests.swift in Sources */ = {isa = PBXBuildFile; fileRef = 81C5A4391EA28F6A00836645 /* FacePlantTests.swift */; };
		81C5A4451EA28F6A00836645 /* FacePlantUITests.swift in Sources */ = {isa = PBXBuildFile; fileRef = 81C5A4441EA28F6A00836645 /* FacePlantUITests.swift */; };
/* End PBXBuildFile section */

/* Begin PBXContainerItemProxy section */
		81C5A4361EA28F6A00836645 /* PBXContainerItemProxy */ = {
			isa = PBXContainerItemProxy;
			containerPortal = 81C5A4191EA28F6A00836645 /* Project object */;
			proxyType = 1;
			remoteGlobalIDString = 81C5A4201EA28F6A00836645;
			remoteInfo = FacePlant;
		};
		81C5A4411EA28F6A00836645 /* PBXContainerItemProxy */ = {
			isa = PBXContainerItemProxy;
			containerPortal = 81C5A4191EA28F6A00836645 /* Project object */;
			proxyType = 1;
			remoteGlobalIDString = 81C5A4201EA28F6A00836645;
			remoteInfo = FacePlant;
		};
/* End PBXContainerItemProxy section */

/* Begin PBXFileReference section */
		81C5A4211EA28F6A00836645 /* FacePlant.app */ = {isa = PBXFileReference; explicitFileType = wrapper.application; includeInIndex = 0; path = FacePlant.app; sourceTree = BUILT_PRODUCTS_DIR; };
		81C5A4241EA28F6A00836645 /* AppDelegate.swift */ = {isa = PBXFileReference; lastKnownFileType = sourcecode.swift; path = AppDelegate.swift; sourceTree = "<group>"; };
		81C5A4261EA28F6A00836645 /* ViewController.swift */ = {isa = PBXFileReference; lastKnownFileType = sourcecode.swift; path = ViewController.swift; sourceTree = "<group>"; };
		81C5A4291EA28F6A00836645 /* Base */ = {isa = PBXFileReference; lastKnownFileType = file.storyboard; name = Base; path = Base.lproj/Main.storyboard; sourceTree = "<group>"; };
		81C5A42B1EA28F6A00836645 /* Assets.xcassets */ = {isa = PBXFileReference; lastKnownFileType = folder.assetcatalog; path = Assets.xcassets; sourceTree = "<group>"; };
		81C5A42E1EA28F6A00836645 /* Base */ = {isa = PBXFileReference; lastKnownFileType = file.storyboard; name = Base; path = Base.lproj/LaunchScreen.storyboard; sourceTree = "<group>"; };
		81C5A4301EA28F6A00836645 /* Info.plist */ = {isa = PBXFileReference; lastKnownFileType = text.plist.xml; path = Info.plist; sourceTree = "<group>"; };
		81C5A4351EA28F6A00836645 /* FacePlantTests.xctest */ = {isa = PBXFileReference; explicitFileType = wrapper.cfbundle; includeInIndex = 0; path = FacePlantTests.xctest; sourceTree = BUILT_PRODUCTS_DIR; };
		81C5A4391EA28F6A00836645 /* FacePlantTests.swift */ = {isa = PBXFileReference; lastKnownFileType = sourcecode.swift; path = FacePlantTests.swift; sourceTree = "<group>"; };
		81C5A43B1EA28F6A00836645 /* Info.plist */ = {isa = PBXFileReference; lastKnownFileType = text.plist.xml; path = Info.plist; sourceTree = "<group>"; };
		81C5A4401EA28F6A00836645 /* FacePlantUITests.xctest */ = {isa = PBXFileReference; explicitFileType = wrapper.cfbundle; includeInIndex = 0; path = FacePlantUITests.xctest; sourceTree = BUILT_PRODUCTS_DIR; };
		81C5A4441EA28F6A00836645 /* FacePlantUITests.swift */ = {isa = PBXFileReference; lastKnownFileType = sourcecode.swift; path = FacePlantUITests.swift; sourceTree = "<group>"; };
		81C5A4461EA28F6A00836645 /* Info.plist */ = {isa = PBXFileReference; lastKnownFileType = text.plist.xml; path = Info.plist; sourceTree = "<group>"; };
/* End PBXFileReference section */

/* Begin PBXFrameworksBuildPhase section */
		81C5A41E1EA28F6A00836645 /* Frameworks */ = {
			isa = PBXFrameworksBuildPhase;
			buildActionMask = 2147483647;
			files = (
			);
			runOnlyForDeploymentPostprocessing = 0;
		};
		81C5A4321EA28F6A00836645 /* Frameworks */ = {
			isa = PBXFrameworksBuildPhase;
			buildActionMask = 2147483647;
			files = (
			);
			runOnlyForDeploymentPostprocessing = 0;
		};
		81C5A43D1EA28F6A00836645 /* Frameworks */ = {
			isa = PBXFrameworksBuildPhase;
			buildActionMask = 2147483647;
			files = (
			);
			runOnlyForDeploymentPostprocessing = 0;
		};
/* End PBXFrameworksBuildPhase section */

/* Begin PBXGroup section */
		81C5A4181EA28F6A00836645 = {
			isa = PBXGroup;
			children = (
				81C5A4231EA28F6A00836645 /* FacePlant */,
				81C5A4381EA28F6A00836645 /* FacePlantTests */,
				81C5A4431EA28F6A00836645 /* FacePlantUITests */,
				81C5A4221EA28F6A00836645 /* Products */,
			);
			sourceTree = "<group>";
		};
		81C5A4221EA28F6A00836645 /* Products */ = {
			isa = PBXGroup;
			children = (
				81C5A4211EA28F6A00836645 /* FacePlant.app */,
				81C5A4351EA28F6A00836645 /* FacePlantTests.xctest */,
				81C5A4401EA28F6A00836645 /* FacePlantUITests.xctest */,
			);
			name = Products;
			sourceTree = "<group>";
		};
		81C5A4231EA28F6A00836645 /* FacePlant */ = {
			isa = PBXGroup;
			children = (
				81C5A4241EA28F6A00836645 /* AppDelegate.swift */,
				81C5A4261EA28F6A00836645 /* ViewController.swift */,
				81C5A4281EA28F6A00836645 /* Main.storyboard */,
				81C5A42B1EA28F6A00836645 /* Assets.xcassets */,
				81C5A42D1EA28F6A00836645 /* LaunchScreen.storyboard */,
				81C5A4301EA28F6A00836645 /* Info.plist */,
			);
			path = FacePlant;
			sourceTree = "<group>";
		};
		81C5A4381EA28F6A00836645 /* FacePlantTests */ = {
			isa = PBXGroup;
			children = (
				81C5A4391EA28F6A00836645 /* FacePlantTests.swift */,
				81C5A43B1EA28F6A00836645 /* Info.plist */,
			);
			path = FacePlantTests;
			sourceTree = "<group>";
		};
		81C5A4431EA28F6A00836645 /* FacePlantUITests */ = {
			isa = PBXGroup;
			children = (
				81C5A4441EA28F6A00836645 /* FacePlantUITests.swift */,
				81C5A4461EA28F6A00836645 /* Info.plist */,
			);
			path = FacePlantUITests;
			sourceTree = "<group>";
		};
/* End PBXGroup section */

/* Begin PBXNativeTarget section */
		81C5A4201EA28F6A00836645 /* FacePlant */ = {
			isa = PBXNativeTarget;
			buildConfigurationList = 81C5A4491EA28F6A00836645 /* Build configuration list for PBXNativeTarget "FacePlant" */;
			buildPhases = (
				81C5A41D1EA28F6A00836645 /* Sources */,
				81C5A41E1EA28F6A00836645 /* Frameworks */,
				81C5A41F1EA28F6A00836645 /* Resources */,
			);
			buildRules = (
			);
			dependencies = (
			);
			name = FacePlant;
			productName = FacePlant;
			productReference = 81C5A4211EA28F6A00836645 /* FacePlant.app */;
			productType = "com.apple.product-type.application";
		};
		81C5A4341EA28F6A00836645 /* FacePlantTests */ = {
			isa = PBXNativeTarget;
			buildConfigurationList = 81C5A44C1EA28F6A00836645 /* Build configuration list for PBXNativeTarget "FacePlantTests" */;
			buildPhases = (
				81C5A4311EA28F6A00836645 /* Sources */,
				81C5A4321EA28F6A00836645 /* Frameworks */,
				81C5A4331EA28F6A00836645 /* Resources */,
			);
			buildRules = (
			);
			dependencies = (
				81C5A4371EA28F6A00836645 /* PBXTargetDependency */,
			);
			name = FacePlantTests;
			productName = FacePlantTests;
			productReference = 81C5A4351EA28F6A00836645 /* FacePlantTests.xctest */;
			productType = "com.apple.product-type.bundle.unit-test";
		};
		81C5A43F1EA28F6A00836645 /* FacePlantUITests */ = {
			isa = PBXNativeTarget;
			buildConfigurationList = 81C5A44F1EA28F6A00836645 /* Build configuration list for PBXNativeTarget "FacePlantUITests" */;
			buildPhases = (
				81C5A43C1EA28F6A00836645 /* Sources */,
				81C5A43D1EA28F6A00836645 /* Frameworks */,
				81C5A43E1EA28F6A00836645 /* Resources */,
			);
			buildRules = (
			);
			dependencies = (
				81C5A4421EA28F6A00836645 /* PBXTargetDependency */,
			);
			name = FacePlantUITests;
			productName = FacePlantUITests;
			productReference = 81C5A4401EA28F6A00836645 /* FacePlantUITests.xctest */;
			productType = "com.apple.product-type.bundle.ui-testing";
		};
/* End PBXNativeTarget section */

/* Begin PBXProject section */
		81C5A4191EA28F6A00836645 /* Project object */ = {
			isa = PBXProject;
			attributes = {
				LastSwiftUpdateCheck = 0830;
				LastUpgradeCheck = 0830;
				ORGANIZATIONNAME = liZUOrd;
				TargetAttributes = {
					81C5A4201EA28F6A00836645 = {
						CreatedOnToolsVersion = 8.3;
						DevelopmentTeam = G9Z457RH7X;
						ProvisioningStyle = Automatic;
					};
					81C5A4341EA28F6A00836645 = {
						CreatedOnToolsVersion = 8.3;
						DevelopmentTeam = G9Z457RH7X;
						ProvisioningStyle = Automatic;
						TestTargetID = 81C5A4201EA28F6A00836645;
					};
					81C5A43F1EA28F6A00836645 = {
						CreatedOnToolsVersion = 8.3;
						DevelopmentTeam = G9Z457RH7X;
						ProvisioningStyle = Automatic;
						TestTargetID = 81C5A4201EA28F6A00836645;
					};
				};
			};
			buildConfigurationList = 81C5A41C1EA28F6A00836645 /* Build configuration list for PBXProject "FacePlant" */;
			compatibilityVersion = "Xcode 3.2";
			developmentRegion = English;
			hasScannedForEncodings = 0;
			knownRegions = (
				en,
				Base,
			);
			mainGroup = 81C5A4181EA28F6A00836645;
			productRefGroup = 81C5A4221EA28F6A00836645 /* Products */;
			projectDirPath = "";
			projectRoot = "";
			targets = (
				81C5A4201EA28F6A00836645 /* FacePlant */,
				81C5A4341EA28F6A00836645 /* FacePlantTests */,
				81C5A43F1EA28F6A00836645 /* FacePlantUITests */,
			);
		};
/* End PBXProject section */

/* Begin PBXResourcesBuildPhase section */
		81C5A41F1EA28F6A00836645 /* Resources */ = {
			isa = PBXResourcesBuildPhase;
			buildActionMask = 2147483647;
			files = (
				81C5A42F1EA28F6A00836645 /* LaunchScreen.storyboard in Resources */,
				81C5A42C1EA28F6A00836645 /* Assets.xcassets in Resources */,
				81C5A42A1EA28F6A00836645 /* Main.storyboard in Resources */,
			);
			runOnlyForDeploymentPostprocessing = 0;
		};
		81C5A4331EA28F6A00836645 /* Resources */ = {
			isa = PBXResourcesBuildPhase;
			buildActionMask = 2147483647;
			files = (
			);
			runOnlyForDeploymentPostprocessing = 0;
		};
		81C5A43E1EA28F6A00836645 /* Resources */ = {
			isa = PBXResourcesBuildPhase;
			buildActionMask = 2147483647;
			files = (
			);
			runOnlyForDeploymentPostprocessing = 0;
		};
/* End PBXResourcesBuildPhase section */

/* Begin PBXSourcesBuildPhase section */
		81C5A41D1EA28F6A00836645 /* Sources */ = {
			isa = PBXSourcesBuildPhase;
			buildActionMask = 2147483647;
			files = (
				81C5A4271EA28F6A00836645 /* ViewController.swift in Sources */,
				81C5A4251EA28F6A00836645 /* AppDelegate.swift in Sources */,
			);
			runOnlyForDeploymentPostprocessing = 0;
		};
		81C5A4311EA28F6A00836645 /* Sources */ = {
			isa = PBXSourcesBuildPhase;
			buildActionMask = 2147483647;
			files = (
				81C5A43A1EA28F6A00836645 /* FacePlantTests.swift in Sources */,
			);
			runOnlyForDeploymentPostprocessing = 0;
		};
		81C5A43C1EA28F6A00836645 /* Sources */ = {
			isa = PBXSourcesBuildPhase;
			buildActionMask = 2147483647;
			files = (
				81C5A4451EA28F6A00836645 /* FacePlantUITests.swift in Sources */,
			);
			runOnlyForDeploymentPostprocessing = 0;
		};
/* End PBXSourcesBuildPhase section */

/* Begin PBXTargetDependency section */
		81C5A4371EA28F6A00836645 /* PBXTargetDependency */ = {
			isa = PBXTargetDependency;
			target = 81C5A4201EA28F6A00836645 /* FacePlant */;
			targetProxy = 81C5A4361EA28F6A00836645 /* PBXContainerItemProxy */;
		};
		81C5A4421EA28F6A00836645 /* PBXTargetDependency */ = {
			isa = PBXTargetDependency;
			target = 81C5A4201EA28F6A00836645 /* FacePlant */;
			targetProxy = 81C5A4411EA28F6A00836645 /* PBXContainerItemProxy */;
		};
/* End PBXTargetDependency section */

/* Begin PBXVariantGroup section */
		81C5A4281EA28F6A00836645 /* Main.storyboard */ = {
			isa = PBXVariantGroup;
			children = (
				81C5A4291EA28F6A00836645 /* Base */,
			);
			name = Main.storyboard;
			sourceTree = "<group>";
		};
		81C5A42D1EA28F6A00836645 /* LaunchScreen.storyboard */ = {
			isa = PBXVariantGroup;
			children = (
				81C5A42E1EA28F6A00836645 /* Base */,
			);
			name = LaunchScreen.storyboard;
			sourceTree = "<group>";
		};
/* End PBXVariantGroup section */

/* Begin XCBuildConfiguration section */
		81C5A4471EA28F6A00836645 /* Debug */ = {
			isa = XCBuildConfiguration;
			buildSettings = {
				ALWAYS_SEARCH_USER_PATHS = NO;
				CLANG_ANALYZER_NONNULL = YES;
				CLANG_ANALYZER_NUMBER_OBJECT_CONVERSION = YES_AGGRESSIVE;
				CLANG_CXX_LANGUAGE_STANDARD = "gnu++0x";
				CLANG_CXX_LIBRARY = "libc++";
				CLANG_ENABLE_MODULES = YES;
				CLANG_ENABLE_OBJC_ARC = YES;
				CLANG_WARN_BOOL_CONVERSION = YES;
				CLANG_WARN_CONSTANT_CONVERSION = YES;
				CLANG_WARN_DIRECT_OBJC_ISA_USAGE = YES_ERROR;
				CLANG_WARN_DOCUMENTATION_COMMENTS = YES;
				CLANG_WARN_EMPTY_BODY = YES;
				CLANG_WARN_ENUM_CONVERSION = YES;
				CLANG_WARN_INFINITE_RECURSION = YES;
				CLANG_WARN_INT_CONVERSION = YES;
				CLANG_WARN_OBJC_ROOT_CLASS = YES_ERROR;
				CLANG_WARN_SUSPICIOUS_MOVE = YES;
				CLANG_WARN_UNREACHABLE_CODE = YES;
				CLANG_WARN__DUPLICATE_METHOD_MATCH = YES;
				"CODE_SIGN_IDENTITY[sdk=iphoneos*]" = "iPhone Developer";
				COPY_PHASE_STRIP = NO;
				DEBUG_INFORMATION_FORMAT = dwarf;
				ENABLE_STRICT_OBJC_MSGSEND = YES;
				ENABLE_TESTABILITY = YES;
				GCC_C_LANGUAGE_STANDARD = gnu99;
				GCC_DYNAMIC_NO_PIC = NO;
				GCC_NO_COMMON_BLOCKS = YES;
				GCC_OPTIMIZATION_LEVEL = 0;
				GCC_PREPROCESSOR_DEFINITIONS = (
					"DEBUG=1",
					"$(inherited)",
				);
				GCC_WARN_64_TO_32_BIT_CONVERSION = YES;
				GCC_WARN_ABOUT_RETURN_TYPE = YES_ERROR;
				GCC_WARN_UNDECLARED_SELECTOR = YES;
				GCC_WARN_UNINITIALIZED_AUTOS = YES_AGGRESSIVE;
				GCC_WARN_UNUSED_FUNCTION = YES;
				GCC_WARN_UNUSED_VARIABLE = YES;
				IPHONEOS_DEPLOYMENT_TARGET = 10.3;
				MTL_ENABLE_DEBUG_INFO = YES;
				ONLY_ACTIVE_ARCH = YES;
				SDKROOT = iphoneos;
				SWIFT_ACTIVE_COMPILATION_CONDITIONS = DEBUG;
				SWIFT_OPTIMIZATION_LEVEL = "-Onone";
				TARGETED_DEVICE_FAMILY = "1,2";
			};
			name = Debug;
		};
		81C5A4481EA28F6A00836645 /* Release */ = {
			isa = XCBuildConfiguration;
			buildSettings = {
				ALWAYS_SEARCH_USER_PATHS = NO;
				CLANG_ANALYZER_NONNULL = YES;
				CLANG_ANALYZER_NUMBER_OBJECT_CONVERSION = YES_AGGRESSIVE;
				CLANG_CXX_LANGUAGE_STANDARD = "gnu++0x";
				CLANG_CXX_LIBRARY = "libc++";
				CLANG_ENABLE_MODULES = YES;
				CLANG_ENABLE_OBJC_ARC = YES;
				CLANG_WARN_BOOL_CONVERSION = YES;
				CLANG_WARN_CONSTANT_CONVERSION = YES;
				CLANG_WARN_DIRECT_OBJC_ISA_USAGE = YES_ERROR;
				CLANG_WARN_DOCUMENTATION_COMMENTS = YES;
				CLANG_WARN_EMPTY_BODY = YES;
				CLANG_WARN_ENUM_CONVERSION = YES;
				CLANG_WARN_INFINITE_RECURSION = YES;
				CLANG_WARN_INT_CONVERSION = YES;
				CLANG_WARN_OBJC_ROOT_CLASS = YES_ERROR;
				CLANG_WARN_SUSPICIOUS_MOVE = YES;
				CLANG_WARN_UNREACHABLE_CODE = YES;
				CLANG_WARN__DUPLICATE_METHOD_MATCH = YES;
				"CODE_SIGN_IDENTITY[sdk=iphoneos*]" = "iPhone Developer";
				COPY_PHASE_STRIP = NO;
				DEBUG_INFORMATION_FORMAT = "dwarf-with-dsym";
				ENABLE_NS_ASSERTIONS = NO;
				ENABLE_STRICT_OBJC_MSGSEND = YES;
				GCC_C_LANGUAGE_STANDARD = gnu99;
				GCC_NO_COMMON_BLOCKS = YES;
				GCC_WARN_64_TO_32_BIT_CONVERSION = YES;
				GCC_WARN_ABOUT_RETURN_TYPE = YES_ERROR;
				GCC_WARN_UNDECLARED_SELECTOR = YES;
				GCC_WARN_UNINITIALIZED_AUTOS = YES_AGGRESSIVE;
				GCC_WARN_UNUSED_FUNCTION = YES;
				GCC_WARN_UNUSED_VARIABLE = YES;
				IPHONEOS_DEPLOYMENT_TARGET = 10.3;
				MTL_ENABLE_DEBUG_INFO = NO;
				SDKROOT = iphoneos;
				SWIFT_OPTIMIZATION_LEVEL = "-Owholemodule";
				TARGETED_DEVICE_FAMILY = "1,2";
				VALIDATE_PRODUCT = YES;
			};
			name = Release;
		};
		81C5A44A1EA28F6A00836645 /* Debug */ = {
			isa = XCBuildConfiguration;
			buildSettings = {
				ASSETCATALOG_COMPILER_APPICON_NAME = AppIcon;
				DEVELOPMENT_TEAM = G9Z457RH7X;
				INFOPLIST_FILE = FacePlant/Info.plist;
				LD_RUNPATH_SEARCH_PATHS = "$(inherited) @executable_path/Frameworks";
				PRODUCT_BUNDLE_IDENTIFIER = com.liZUOrd.FacePlant;
				PRODUCT_NAME = "$(TARGET_NAME)";
				SWIFT_VERSION = 3.0;
			};
			name = Debug;
		};
		81C5A44B1EA28F6A00836645 /* Release */ = {
			isa = XCBuildConfiguration;
			buildSettings = {
				ASSETCATALOG_COMPILER_APPICON_NAME = AppIcon;
				DEVELOPMENT_TEAM = G9Z457RH7X;
				INFOPLIST_FILE = FacePlant/Info.plist;
				LD_RUNPATH_SEARCH_PATHS = "$(inherited) @executable_path/Frameworks";
				PRODUCT_BUNDLE_IDENTIFIER = com.liZUOrd.FacePlant;
				PRODUCT_NAME = "$(TARGET_NAME)";
				SWIFT_VERSION = 3.0;
			};
			name = Release;
		};
		81C5A44D1EA28F6A00836645 /* Debug */ = {
			isa = XCBuildConfiguration;
			buildSettings = {
				ALWAYS_EMBED_SWIFT_STANDARD_LIBRARIES = YES;
				BUNDLE_LOADER = "$(TEST_HOST)";
				DEVELOPMENT_TEAM = G9Z457RH7X;
				INFOPLIST_FILE = FacePlantTests/Info.plist;
				LD_RUNPATH_SEARCH_PATHS = "$(inherited) @executable_path/Frameworks @loader_path/Frameworks";
				PRODUCT_BUNDLE_IDENTIFIER = com.liZUOrd.FacePlantTests;
				PRODUCT_NAME = "$(TARGET_NAME)";
				SWIFT_VERSION = 3.0;
				TEST_HOST = "$(BUILT_PRODUCTS_DIR)/FacePlant.app/FacePlant";
			};
			name = Debug;
		};
		81C5A44E1EA28F6A00836645 /* Release */ = {
			isa = XCBuildConfiguration;
			buildSettings = {
				ALWAYS_EMBED_SWIFT_STANDARD_LIBRARIES = YES;
				BUNDLE_LOADER = "$(TEST_HOST)";
				DEVELOPMENT_TEAM = G9Z457RH7X;
				INFOPLIST_FILE = FacePlantTests/Info.plist;
				LD_RUNPATH_SEARCH_PATHS = "$(inherited) @executable_path/Frameworks @loader_path/Frameworks";
				PRODUCT_BUNDLE_IDENTIFIER = com.liZUOrd.FacePlantTests;
				PRODUCT_NAME = "$(TARGET_NAME)";
				SWIFT_VERSION = 3.0;
				TEST_HOST = "$(BUILT_PRODUCTS_DIR)/FacePlant.app/FacePlant";
			};
			name = Release;
		};
		81C5A4501EA28F6A00836645 /* Debug */ = {
			isa = XCBuildConfiguration;
			buildSettings = {
				ALWAYS_EMBED_SWIFT_STANDARD_LIBRARIES = YES;
				DEVELOPMENT_TEAM = G9Z457RH7X;
				INFOPLIST_FILE = FacePlantUITests/Info.plist;
				LD_RUNPATH_SEARCH_PATHS = "$(inherited) @executable_path/Frameworks @loader_path/Frameworks";
				PRODUCT_BUNDLE_IDENTIFIER = com.liZUOrd.FacePlantUITests;
				PRODUCT_NAME = "$(TARGET_NAME)";
				SWIFT_VERSION = 3.0;
				TEST_TARGET_NAME = FacePlant;
			};
			name = Debug;
		};
		81C5A4511EA28F6A00836645 /* Release */ = {
			isa = XCBuildConfiguration;
			buildSettings = {
				ALWAYS_EMBED_SWIFT_STANDARD_LIBRARIES = YES;
				DEVELOPMENT_TEAM = G9Z457RH7X;
				INFOPLIST_FILE = FacePlantUITests/Info.plist;
				LD_RUNPATH_SEARCH_PATHS = "$(inherited) @executable_path/Frameworks @loader_path/Frameworks";
				PRODUCT_BUNDLE_IDENTIFIER = com.liZUOrd.FacePlantUITests;
				PRODUCT_NAME = "$(TARGET_NAME)";
				SWIFT_VERSION = 3.0;
				TEST_TARGET_NAME = FacePlant;
			};
			name = Release;
		};
/* End XCBuildConfiguration section */

/* Begin XCConfigurationList section */
		81C5A41C1EA28F6A00836645 /* Build configuration list for PBXProject "FacePlant" */ = {
			isa = XCConfigurationList;
			buildConfigurations = (
				81C5A4471EA28F6A00836645 /* Debug */,
				81C5A4481EA28F6A00836645 /* Release */,
			);
			defaultConfigurationIsVisible = 0;
			defaultConfigurationName = Release;
		};
		81C5A4491EA28F6A00836645 /* Build configuration list for PBXNativeTarget "FacePlant" */ = {
			isa = XCConfigurationList;
			buildConfigurations = (
				81C5A44A1EA28F6A00836645 /* Debug */,
				81C5A44B1EA28F6A00836645 /* Release */,
			);
			defaultConfigurationIsVisible = 0;
		};
		81C5A44C1EA28F6A00836645 /* Build configuration list for PBXNativeTarget "FacePlantTests" */ = {
			isa = XCConfigurationList;
			buildConfigurations = (
				81C5A44D1EA28F6A00836645 /* Debug */,
				81C5A44E1EA28F6A00836645 /* Release */,
			);
			defaultConfigurationIsVisible = 0;
		};
		81C5A44F1EA28F6A00836645 /* Build configuration list for PBXNativeTarget "FacePlantUITests" */ = {
			isa = XCConfigurationList;
			buildConfigurations = (
				81C5A4501EA28F6A00836645 /* Debug */,
				81C5A4511EA28F6A00836645 /* Release */,
			);
			defaultConfigurationIsVisible = 0;
		};
/* End XCConfigurationList section */
	};
	rootObject = 81C5A4191EA28F6A00836645 /* Project object */;
}
